
Microsoft Visual Studio Solution File, Format Version 12.00
# Visual Studio 15
VisualStudioVersion = 15.0.26403.7
MinimumVisualStudioVersion = 10.0.40219.1
Project("{9A19103F-16F7-4668-BE54-9A1E7A4F7556}") = "LiveGraph.InterfaceBLL", "LiveGraph.InterfaceBLL\LiveGraph.InterfaceBLL.csproj", "{BC8A036E-0DC3-4609-85A0-112D888A1217}"
EndProject
Project("{9A19103F-16F7-4668-BE54-9A1E7A4F7556}") = "LiveGraph.DAL", "LiveGraph.DAL\LiveGraph.DAL.csproj", "{9D0CE2E7-9301-432B-8975-F34C124053D2}"
EndProject
Project("{9A19103F-16F7-4668-BE54-9A1E7A4F7556}") = "LiveGraph.InterfaceDao", "LiveGraph.InterfaceDao\LiveGraph.InterfaceDao.csproj", "{B9F0FA4F-5B9F-4B2A-8357-3FF6B5410A51}"
EndProject
Project("{2150E333-8FDC-42A3-9474-1A3956D46DE8}") = "DAL", "DAL", "{46F957BD-D0B8-4F1E-898C-262F4A2550C6}"
EndProject
Project("{2150E333-8FDC-42A3-9474-1A3956D46DE8}") = "BLL", "BLL", "{71154D1E-E36C-41D2-A5B1-C3964A90BFD4}"
EndProject
Project("{2150E333-8FDC-42A3-9474-1A3956D46DE8}") = "UI", "UI", "{F4872571-ABAB-4EA7-8A16-A1A1EAE6F955}"
EndProject
Project("{2150E333-8FDC-42A3-9474-1A3956D46DE8}") = "Common", "Common", "{AAE7F715-97CD-4ECB-9C68-CB6AB788CFFC}"
EndProject
Project("{FAE04EC0-301F-11D3-BF4B-00C04F79EFBC}") = "LiveGraph.Common", "LiveGraph.Common\LiveGraph.Common.csproj", "{7DB5AB2D-4C50-4BE8-9514-4FE3C2B6F563}"
EndProject
Project("{FAE04EC0-301F-11D3-BF4B-00C04F79EFBC}") = "LiveGraph.BLL", "LiveGraph.BLL\LiveGraph.BLL.csproj", "{23ABBD9C-C473-4A8D-996F-2D68BE2B301D}"
EndProject
Project("{FAE04EC0-301F-11D3-BF4B-00C04F79EFBC}") = "LiveGraph.UI", "LiveGraph.UI\LiveGraph.UI.csproj", "{7A5646CE-6025-46D4-9A82-E902EBCCC1C4}"
EndProject
Project("{FAE04EC0-301F-11D3-BF4B-00C04F79EFBC}") = "LiveGraph.Validation", "LiveGraph.Validation\LiveGraph.Validation.csproj", "{B6E14C30-C5CF-441A-BA01-41F81EDD2132}"
EndProject
Project("{2150E333-8FDC-42A3-9474-1A3956D46DE8}") = "Validation", "Validation", "{92E9CE64-2503-4B49-8388-7A96380738E4}"
EndProject
Global
	GlobalSection(SolutionConfigurationPlatforms) = preSolution
		Debug|Any CPU = Debug|Any CPU
		Release|Any CPU = Release|Any CPU
	EndGlobalSection
	GlobalSection(ProjectConfigurationPlatforms) = postSolution
		{BC8A036E-0DC3-4609-85A0-112D888A1217}.Debug|Any CPU.ActiveCfg = Debug|Any CPU
		{BC8A036E-0DC3-4609-85A0-112D888A1217}.Debug|Any CPU.Build.0 = Debug|Any CPU
		{BC8A036E-0DC3-4609-85A0-112D888A1217}.Release|Any CPU.ActiveCfg = Release|Any CPU
		{BC8A036E-0DC3-4609-85A0-112D888A1217}.Release|Any CPU.Build.0 = Release|Any CPU
		{9D0CE2E7-9301-432B-8975-F34C124053D2}.Debug|Any CPU.ActiveCfg = Debug|Any CPU
		{9D0CE2E7-9301-432B-8975-F34C124053D2}.Debug|Any CPU.Build.0 = Debug|Any CPU
		{9D0CE2E7-9301-432B-8975-F34C124053D2}.Release|Any CPU.ActiveCfg = Release|Any CPU
		{9D0CE2E7-9301-432B-8975-F34C124053D2}.Release|Any CPU.Build.0 = Release|Any CPU
		{B9F0FA4F-5B9F-4B2A-8357-3FF6B5410A51}.Debug|Any CPU.ActiveCfg = Debug|Any CPU
		{B9F0FA4F-5B9F-4B2A-8357-3FF6B5410A51}.Debug|Any CPU.Build.0 = Debug|Any CPU
		{B9F0FA4F-5B9F-4B2A-8357-3FF6B5410A51}.Release|Any CPU.ActiveCfg = Release|Any CPU
		{B9F0FA4F-5B9F-4B2A-8357-3FF6B5410A51}.Release|Any CPU.Build.0 = Release|Any CPU
		{7DB5AB2D-4C50-4BE8-9514-4FE3C2B6F563}.Debug|Any CPU.ActiveCfg = Debug|Any CPU
		{7DB5AB2D-4C50-4BE8-9514-4FE3C2B6F563}.Debug|Any CPU.Build.0 = Debug|Any CPU
		{7DB5AB2D-4C50-4BE8-9514-4FE3C2B6F563}.Release|Any CPU.ActiveCfg = Release|Any CPU
		{7DB5AB2D-4C50-4BE8-9514-4FE3C2B6F563}.Release|Any CPU.Build.0 = Release|Any CPU
		{23ABBD9C-C473-4A8D-996F-2D68BE2B301D}.Debug|Any CPU.ActiveCfg = Debug|Any CPU
		{23ABBD9C-C473-4A8D-996F-2D68BE2B301D}.Debug|Any CPU.Build.0 = Debug|Any CPU
		{23ABBD9C-C473-4A8D-996F-2D68BE2B301D}.Release|Any CPU.ActiveCfg = Release|Any CPU
		{23ABBD9C-C473-4A8D-996F-2D68BE2B301D}.Release|Any CPU.Build.0 = Release|Any CPU
		{7A5646CE-6025-46D4-9A82-E902EBCCC1C4}.Debug|Any CPU.ActiveCfg = Debug|Any CPU
		{7A5646CE-6025-46D4-9A82-E902EBCCC1C4}.Debug|Any CPU.Build.0 = Debug|Any CPU
		{7A5646CE-6025-46D4-9A82-E902EBCCC1C4}.Release|Any CPU.ActiveCfg = Release|Any CPU
		{7A5646CE-6025-46D4-9A82-E902EBCCC1C4}.Release|Any CPU.Build.0 = Release|Any CPU
		{B6E14C30-C5CF-441A-BA01-41F81EDD2132}.Debug|Any CPU.ActiveCfg = Debug|Any CPU
		{B6E14C30-C5CF-441A-BA01-41F81EDD2132}.Debug|Any CPU.Build.0 = Debug|Any CPU
		{B6E14C30-C5CF-441A-BA01-41F81EDD2132}.Release|Any CPU.ActiveCfg = Release|Any CPU
		{B6E14C30-C5CF-441A-BA01-41F81EDD2132}.Release|Any CPU.Build.0 = Release|Any CPU
	EndGlobalSection
	GlobalSection(SolutionProperties) = preSolution
		HideSolutionNode = FALSE
	EndGlobalSection
	GlobalSection(NestedProjects) = preSolution
		{BC8A036E-0DC3-4609-85A0-112D888A1217} = {71154D1E-E36C-41D2-A5B1-C3964A90BFD4}
		{9D0CE2E7-9301-432B-8975-F34C124053D2} = {46F957BD-D0B8-4F1E-898C-262F4A2550C6}
		{B9F0FA4F-5B9F-4B2A-8357-3FF6B5410A51} = {46F957BD-D0B8-4F1E-898C-262F4A2550C6}
		{7DB5AB2D-4C50-4BE8-9514-4FE3C2B6F563} = {AAE7F715-97CD-4ECB-9C68-CB6AB788CFFC}
		{23ABBD9C-C473-4A8D-996F-2D68BE2B301D} = {71154D1E-E36C-41D2-A5B1-C3964A90BFD4}
		{7A5646CE-6025-46D4-9A82-E902EBCCC1C4} = {F4872571-ABAB-4EA7-8A16-A1A1EAE6F955}
		{B6E14C30-C5CF-441A-BA01-41F81EDD2132} = {92E9CE64-2503-4B49-8388-7A96380738E4}
	EndGlobalSection
EndGlobal
